// !$*UTF8*$!
{
	archiveVersion = 1;
	classes = {
	};
	objectVersion = 56;
	objects = {

/* Begin PBXBuildFile section */
		C94784C42A86EA3E003B773A /* OddOneOutApp.swift in Sources */ = {isa = PBXBuildFile; fileRef = C94784C32A86EA3E003B773A /* OddOneOutApp.swift */; };
		C94784C62A86EA3E003B773A /* ContentView.swift in Sources */ = {isa = PBXBuildFile; fileRef = C94784C52A86EA3E003B773A /* ContentView.swift */; };
		C94784C82A86EA3F003B773A /* Assets.xcassets in Resources */ = {isa = PBXBuildFile; fileRef = C94784C72A86EA3F003B773A /* Assets.xcassets */; };
		C94784CB2A86EA3F003B773A /* Preview Assets.xcassets in Resources */ = {isa = PBXBuildFile; fileRef = C94784CA2A86EA3F003B773A /* Preview Assets.xcassets */; };
		C94784D62A86EA3F003B773A /* OddOneOutTests.swift in Sources */ = {isa = PBXBuildFile; fileRef = C94784D52A86EA3F003B773A /* OddOneOutTests.swift */; };
		C94784E02A86EA3F003B773A /* OddOneOutUITests.swift in Sources */ = {isa = PBXBuildFile; fileRef = C94784DF2A86EA3F003B773A /* OddOneOutUITests.swift */; };
		C94784E22A86EA3F003B773A /* OddOneOutUITestsLaunchTests.swift in Sources */ = {isa = PBXBuildFile; fileRef = C94784E12A86EA3F003B773A /* OddOneOutUITestsLaunchTests.swift */; };
		C9B4A20F2A8B16F900D0565D /* GameOverScreen.swift in Sources */ = {isa = PBXBuildFile; fileRef = C9B4A20E2A8B16F900D0565D /* GameOverScreen.swift */; };
/* End PBXBuildFile section */

/* Begin PBXContainerItemProxy section */
		C94784D22A86EA3F003B773A /* PBXContainerItemProxy */ = {
			isa = PBXContainerItemProxy;
			containerPortal = C94784B82A86EA3E003B773A /* Project object */;
			proxyType = 1;
			remoteGlobalIDString = C94784BF2A86EA3E003B773A;
			remoteInfo = OddOneOut;
		};
		C94784DC2A86EA3F003B773A /* PBXContainerItemProxy */ = {
			isa = PBXContainerItemProxy;
			containerPortal = C94784B82A86EA3E003B773A /* Project object */;
			proxyType = 1;
			remoteGlobalIDString = C94784BF2A86EA3E003B773A;
			remoteInfo = OddOneOut;
		};
/* End PBXContainerItemProxy section */

/* Begin PBXFileReference section */
		C94784C02A86EA3E003B773A /* OddOneOut.app */ = {isa = PBXFileReference; explicitFileType = wrapper.application; includeInIndex = 0; path = OddOneOut.app; sourceTree = BUILT_PRODUCTS_DIR; };
		C94784C32A86EA3E003B773A /* OddOneOutApp.swift */ = {isa = PBXFileReference; lastKnownFileType = sourcecode.swift; path = OddOneOutApp.swift; sourceTree = "<group>"; };
		C94784C52A86EA3E003B773A /* ContentView.swift */ = {isa = PBXFileReference; lastKnownFileType = sourcecode.swift; path = ContentView.swift; sourceTree = "<group>"; };
		C94784C72A86EA3F003B773A /* Assets.xcassets */ = {isa = PBXFileReference; lastKnownFileType = folder.assetcatalog; path = Assets.xcassets; sourceTree = "<group>"; };
		C94784CA2A86EA3F003B773A /* Preview Assets.xcassets */ = {isa = PBXFileReference; lastKnownFileType = folder.assetcatalog; path = "Preview Assets.xcassets"; sourceTree = "<group>"; };
		C94784CC2A86EA3F003B773A /* OddOneOut.entitlements */ = {isa = PBXFileReference; lastKnownFileType = text.plist.entitlements; path = OddOneOut.entitlements; sourceTree = "<group>"; };
		C94784D12A86EA3F003B773A /* OddOneOutTests.xctest */ = {isa = PBXFileReference; explicitFileType = wrapper.cfbundle; includeInIndex = 0; path = OddOneOutTests.xctest; sourceTree = BUILT_PRODUCTS_DIR; };
		C94784D52A86EA3F003B773A /* OddOneOutTests.swift */ = {isa = PBXFileReference; lastKnownFileType = sourcecode.swift; path = OddOneOutTests.swift; sourceTree = "<group>"; };
		C94784DB2A86EA3F003B773A /* OddOneOutUITests.xctest */ = {isa = PBXFileReference; explicitFileType = wrapper.cfbundle; includeInIndex = 0; path = OddOneOutUITests.xctest; sourceTree = BUILT_PRODUCTS_DIR; };
		C94784DF2A86EA3F003B773A /* OddOneOutUITests.swift */ = {isa = PBXFileReference; lastKnownFileType = sourcecode.swift; path = OddOneOutUITests.swift; sourceTree = "<group>"; };
		C94784E12A86EA3F003B773A /* OddOneOutUITestsLaunchTests.swift */ = {isa = PBXFileReference; lastKnownFileType = sourcecode.swift; path = OddOneOutUITestsLaunchTests.swift; sourceTree = "<group>"; };
		C9B4A20E2A8B16F900D0565D /* GameOverScreen.swift */ = {isa = PBXFileReference; lastKnownFileType = sourcecode.swift; path = GameOverScreen.swift; sourceTree = "<group>"; };
/* End PBXFileReference section */

/* Begin PBXFrameworksBuildPhase section */
		C94784BD2A86EA3E003B773A /* Frameworks */ = {
			isa = PBXFrameworksBuildPhase;
			buildActionMask = 2147483647;
			files = (
			);
			runOnlyForDeploymentPostprocessing = 0;
		};
		C94784CE2A86EA3F003B773A /* Frameworks */ = {
			isa = PBXFrameworksBuildPhase;
			buildActionMask = 2147483647;
			files = (
			);
			runOnlyForDeploymentPostprocessing = 0;
		};
		C94784D82A86EA3F003B773A /* Frameworks */ = {
			isa = PBXFrameworksBuildPhase;
			buildActionMask = 2147483647;
			files = (
			);
			runOnlyForDeploymentPostprocessing = 0;
		};
/* End PBXFrameworksBuildPhase section */

/* Begin PBXGroup section */
		C94784B72A86EA3E003B773A = {
			isa = PBXGroup;
			children = (
				C94784C22A86EA3E003B773A /* OddOneOut */,
				C94784D42A86EA3F003B773A /* OddOneOutTests */,
				C94784DE2A86EA3F003B773A /* OddOneOutUITests */,
				C94784C12A86EA3E003B773A /* Products */,
			);
			sourceTree = "<group>";
		};
		C94784C12A86EA3E003B773A /* Products */ = {
			isa = PBXGroup;
			children = (
				C94784C02A86EA3E003B773A /* OddOneOut.app */,
				C94784D12A86EA3F003B773A /* OddOneOutTests.xctest */,
				C94784DB2A86EA3F003B773A /* OddOneOutUITests.xctest */,
			);
			name = Products;
			sourceTree = "<group>";
		};
		C94784C22A86EA3E003B773A /* OddOneOut */ = {
			isa = PBXGroup;
			children = (
				C94784C32A86EA3E003B773A /* OddOneOutApp.swift */,
				C94784C52A86EA3E003B773A /* ContentView.swift */,
				C9B4A20E2A8B16F900D0565D /* GameOverScreen.swift */,
				C94784C72A86EA3F003B773A /* Assets.xcassets */,
				C94784CC2A86EA3F003B773A /* OddOneOut.entitlements */,
				C94784C92A86EA3F003B773A /* Preview Content */,
			);
			path = OddOneOut;
			sourceTree = "<group>";
		};
		C94784C92A86EA3F003B773A /* Preview Content */ = {
			isa = PBXGroup;
			children = (
				C94784CA2A86EA3F003B773A /* Preview Assets.xcassets */,
			);
			path = "Preview Content";
			sourceTree = "<group>";
		};
		C94784D42A86EA3F003B773A /* OddOneOutTests */ = {
			isa = PBXGroup;
			children = (
				C94784D52A86EA3F003B773A /* OddOneOutTests.swift */,
			);
			path = OddOneOutTests;
			sourceTree = "<group>";
		};
		C94784DE2A86EA3F003B773A /* OddOneOutUITests */ = {
			isa = PBXGroup;
			children = (
				C94784DF2A86EA3F003B773A /* OddOneOutUITests.swift */,
				C94784E12A86EA3F003B773A /* OddOneOutUITestsLaunchTests.swift */,
			);
			path = OddOneOutUITests;
			sourceTree = "<group>";
		};
/* End PBXGroup section */

/* Begin PBXNativeTarget section */
		C94784BF2A86EA3E003B773A /* OddOneOut */ = {
			isa = PBXNativeTarget;
			buildConfigurationList = C94784E52A86EA3F003B773A /* Build configuration list for PBXNativeTarget "OddOneOut" */;
			buildPhases = (
				C94784BC2A86EA3E003B773A /* Sources */,
				C94784BD2A86EA3E003B773A /* Frameworks */,
				C94784BE2A86EA3E003B773A /* Resources */,
			);
			buildRules = (
			);
			dependencies = (
			);
			name = OddOneOut;
			productName = OddOneOut;
			productReference = C94784C02A86EA3E003B773A /* OddOneOut.app */;
			productType = "com.apple.product-type.application";
		};
		C94784D02A86EA3F003B773A /* OddOneOutTests */ = {
			isa = PBXNativeTarget;
			buildConfigurationList = C94784E82A86EA3F003B773A /* Build configuration list for PBXNativeTarget "OddOneOutTests" */;
			buildPhases = (
				C94784CD2A86EA3F003B773A /* Sources */,
				C94784CE2A86EA3F003B773A /* Frameworks */,
				C94784CF2A86EA3F003B773A /* Resources */,
			);
			buildRules = (
			);
			dependencies = (
				C94784D32A86EA3F003B773A /* PBXTargetDependency */,
			);
			name = OddOneOutTests;
			productName = OddOneOutTests;
			productReference = C94784D12A86EA3F003B773A /* OddOneOutTests.xctest */;
			productType = "com.apple.product-type.bundle.unit-test";
		};
		C94784DA2A86EA3F003B773A /* OddOneOutUITests */ = {
			isa = PBXNativeTarget;
			buildConfigurationList = C94784EB2A86EA3F003B773A /* Build configuration list for PBXNativeTarget "OddOneOutUITests" */;
			buildPhases = (
				C94784D72A86EA3F003B773A /* Sources */,
				C94784D82A86EA3F003B773A /* Frameworks */,
				C94784D92A86EA3F003B773A /* Resources */,
			);
			buildRules = (
			);
			dependencies = (
				C94784DD2A86EA3F003B773A /* PBXTargetDependency */,
			);
			name = OddOneOutUITests;
			productName = OddOneOutUITests;
			productReference = C94784DB2A86EA3F003B773A /* OddOneOutUITests.xctest */;
			productType = "com.apple.product-type.bundle.ui-testing";
		};
/* End PBXNativeTarget section */

/* Begin PBXProject section */
		C94784B82A86EA3E003B773A /* Project object */ = {
			isa = PBXProject;
			attributes = {
				BuildIndependentTargetsInParallel = 1;
				LastSwiftUpdateCheck = 1430;
				LastUpgradeCheck = 1430;
				TargetAttributes = {
					C94784BF2A86EA3E003B773A = {
						CreatedOnToolsVersion = 14.3.1;
					};
					C94784D02A86EA3F003B773A = {
						CreatedOnToolsVersion = 14.3.1;
						TestTargetID = C94784BF2A86EA3E003B773A;
					};
					C94784DA2A86EA3F003B773A = {
						CreatedOnToolsVersion = 14.3.1;
						TestTargetID = C94784BF2A86EA3E003B773A;
					};
				};
			};
			buildConfigurationList = C94784BB2A86EA3E003B773A /* Build configuration list for PBXProject "OddOneOut" */;
			compatibilityVersion = "Xcode 14.0";
			developmentRegion = en;
			hasScannedForEncodings = 0;
			knownRegions = (
				en,
				Base,
			);
			mainGroup = C94784B72A86EA3E003B773A;
			productRefGroup = C94784C12A86EA3E003B773A /* Products */;
			projectDirPath = "";
			projectRoot = "";
			targets = (
				C94784BF2A86EA3E003B773A /* OddOneOut */,
				C94784D02A86EA3F003B773A /* OddOneOutTests */,
				C94784DA2A86EA3F003B773A /* OddOneOutUITests */,
			);
		};
/* End PBXProject section */

/* Begin PBXResourcesBuildPhase section */
		C94784BE2A86EA3E003B773A /* Resources */ = {
			isa = PBXResourcesBuildPhase;
			buildActionMask = 2147483647;
			files = (
				C94784CB2A86EA3F003B773A /* Preview Assets.xcassets in Resources */,
				C94784C82A86EA3F003B773A /* Assets.xcassets in Resources */,
			);
			runOnlyForDeploymentPostprocessing = 0;
		};
		C94784CF2A86EA3F003B773A /* Resources */ = {
			isa = PBXResourcesBuildPhase;
			buildActionMask = 2147483647;
			files = (
			);
			runOnlyForDeploymentPostprocessing = 0;
		};
		C94784D92A86EA3F003B773A /* Resources */ = {
			isa = PBXResourcesBuildPhase;
			buildActionMask = 2147483647;
			files = (
			);
			runOnlyForDeploymentPostprocessing = 0;
		};
/* End PBXResourcesBuildPhase section */

/* Begin PBXSourcesBuildPhase section */
		C94784BC2A86EA3E003B773A /* Sources */ = {
			isa = PBXSourcesBuildPhase;
			buildActionMask = 2147483647;
			files = (
				C9B4A20F2A8B16F900D0565D /* GameOverScreen.swift in Sources */,
				C94784C62A86EA3E003B773A /* ContentView.swift in Sources */,
				C94784C42A86EA3E003B773A /* OddOneOutApp.swift in Sources */,
			);
			runOnlyForDeploymentPostprocessing = 0;
		};
		C94784CD2A86EA3F003B773A /* Sources */ = {
			isa = PBXSourcesBuildPhase;
			buildActionMask = 2147483647;
			files = (
				C94784D62A86EA3F003B773A /* OddOneOutTests.swift in Sources */,
			);
			runOnlyForDeploymentPostprocessing = 0;
		};
		C94784D72A86EA3F003B773A /* Sources */ = {
			isa = PBXSourcesBuildPhase;
			buildActionMask = 2147483647;
			files = (
				C94784E22A86EA3F003B773A /* OddOneOutUITestsLaunchTests.swift in Sources */,
				C94784E02A86EA3F003B773A /* OddOneOutUITests.swift in Sources */,
			);
			runOnlyForDeploymentPostprocessing = 0;
		};
/* End PBXSourcesBuildPhase section */

/* Begin PBXTargetDependency section */
		C94784D32A86EA3F003B773A /* PBXTargetDependency */ = {
			isa = PBXTargetDependency;
			target = C94784BF2A86EA3E003B773A /* OddOneOut */;
			targetProxy = C94784D22A86EA3F003B773A /* PBXContainerItemProxy */;
		};
		C94784DD2A86EA3F003B773A /* PBXTargetDependency */ = {
			isa = PBXTargetDependency;
			target = C94784BF2A86EA3E003B773A /* OddOneOut */;
			targetProxy = C94784DC2A86EA3F003B773A /* PBXContainerItemProxy */;
		};
/* End PBXTargetDependency section */

/* Begin XCBuildConfiguration section */
		C94784E32A86EA3F003B773A /* Debug */ = {
			isa = XCBuildConfiguration;
			buildSettings = {
				ALWAYS_SEARCH_USER_PATHS = NO;
				CLANG_ANALYZER_NONNULL = YES;
				CLANG_ANALYZER_NUMBER_OBJECT_CONVERSION = YES_AGGRESSIVE;
				CLANG_CXX_LANGUAGE_STANDARD = "gnu++20";
				CLANG_ENABLE_MODULES = YES;
				CLANG_ENABLE_OBJC_ARC = YES;
				CLANG_ENABLE_OBJC_WEAK = YES;
				CLANG_WARN_BLOCK_CAPTURE_AUTORELEASING = YES;
				CLANG_WARN_BOOL_CONVERSION = YES;
				CLANG_WARN_COMMA = YES;
				CLANG_WARN_CONSTANT_CONVERSION = YES;
				CLANG_WARN_DEPRECATED_OBJC_IMPLEMENTATIONS = YES;
				CLANG_WARN_DIRECT_OBJC_ISA_USAGE = YES_ERROR;
				CLANG_WARN_DOCUMENTATION_COMMENTS = YES;
				CLANG_WARN_EMPTY_BODY = YES;
				CLANG_WARN_ENUM_CONVERSION = YES;
				CLANG_WARN_INFINITE_RECURSION = YES;
				CLANG_WARN_INT_CONVERSION = YES;
				CLANG_WARN_NON_LITERAL_NULL_CONVERSION = YES;
				CLANG_WARN_OBJC_IMPLICIT_RETAIN_SELF = YES;
				CLANG_WARN_OBJC_LITERAL_CONVERSION = YES;
				CLANG_WARN_OBJC_ROOT_CLASS = YES_ERROR;
				CLANG_WARN_QUOTED_INCLUDE_IN_FRAMEWORK_HEADER = YES;
				CLANG_WARN_RANGE_LOOP_ANALYSIS = YES;
				CLANG_WARN_STRICT_PROTOTYPES = YES;
				CLANG_WARN_SUSPICIOUS_MOVE = YES;
				CLANG_WARN_UNGUARDED_AVAILABILITY = YES_AGGRESSIVE;
				CLANG_WARN_UNREACHABLE_CODE = YES;
				CLANG_WARN__DUPLICATE_METHOD_MATCH = YES;
				COPY_PHASE_STRIP = NO;
				DEBUG_INFORMATION_FORMAT = dwarf;
				ENABLE_STRICT_OBJC_MSGSEND = YES;
				ENABLE_TESTABILITY = YES;
				GCC_C_LANGUAGE_STANDARD = gnu11;
				GCC_DYNAMIC_NO_PIC = NO;
				GCC_NO_COMMON_BLOCKS = YES;
				GCC_OPTIMIZATION_LEVEL = 0;
				GCC_PREPROCESSOR_DEFINITIONS = (
					"DEBUG=1",
					"$(inherited)",
				);
				GCC_WARN_64_TO_32_BIT_CONVERSION = YES;
				GCC_WARN_ABOUT_RETURN_TYPE = YES_ERROR;
				GCC_WARN_UNDECLARED_SELECTOR = YES;
				GCC_WARN_UNINITIALIZED_AUTOS = YES_AGGRESSIVE;
				GCC_WARN_UNUSED_FUNCTION = YES;
				GCC_WARN_UNUSED_VARIABLE = YES;
				MACOSX_DEPLOYMENT_TARGET = 13.3;
				MTL_ENABLE_DEBUG_INFO = INCLUDE_SOURCE;
				MTL_FAST_MATH = YES;
				ONLY_ACTIVE_ARCH = YES;
				SDKROOT = macosx;
				SWIFT_ACTIVE_COMPILATION_CONDITIONS = DEBUG;
				SWIFT_OPTIMIZATION_LEVEL = "-Onone";
			};
			name = Debug;
		};
		C94784E42A86EA3F003B773A /* Release */ = {
			isa = XCBuildConfiguration;
			buildSettings = {
				ALWAYS_SEARCH_USER_PATHS = NO;
				CLANG_ANALYZER_NONNULL = YES;
				CLANG_ANALYZER_NUMBER_OBJECT_CONVERSION = YES_AGGRESSIVE;
				CLANG_CXX_LANGUAGE_STANDARD = "gnu++20";
				CLANG_ENABLE_MODULES = YES;
				CLANG_ENABLE_OBJC_ARC = YES;
				CLANG_ENABLE_OBJC_WEAK = YES;
				CLANG_WARN_BLOCK_CAPTURE_AUTORELEASING = YES;
				CLANG_WARN_BOOL_CONVERSION = YES;
				CLANG_WARN_COMMA = YES;
				CLANG_WARN_CONSTANT_CONVERSION = YES;
				CLANG_WARN_DEPRECATED_OBJC_IMPLEMENTATIONS = YES;
				CLANG_WARN_DIRECT_OBJC_ISA_USAGE = YES_ERROR;
				CLANG_WARN_DOCUMENTATION_COMMENTS = YES;
				CLANG_WARN_EMPTY_BODY = YES;
				CLANG_WARN_ENUM_CONVERSION = YES;
				CLANG_WARN_INFINITE_RECURSION = YES;
				CLANG_WARN_INT_CONVERSION = YES;
				CLANG_WARN_NON_LITERAL_NULL_CONVERSION = YES;
				CLANG_WARN_OBJC_IMPLICIT_RETAIN_SELF = YES;
				CLANG_WARN_OBJC_LITERAL_CONVERSION = YES;
				CLANG_WARN_OBJC_ROOT_CLASS = YES_ERROR;
				CLANG_WARN_QUOTED_INCLUDE_IN_FRAMEWORK_HEADER = YES;
				CLANG_WARN_RANGE_LOOP_ANALYSIS = YES;
				CLANG_WARN_STRICT_PROTOTYPES = YES;
				CLANG_WARN_SUSPICIOUS_MOVE = YES;
				CLANG_WARN_UNGUARDED_AVAILABILITY = YES_AGGRESSIVE;
				CLANG_WARN_UNREACHABLE_CODE = YES;
				CLANG_WARN__DUPLICATE_METHOD_MATCH = YES;
				COPY_PHASE_STRIP = NO;
				DEBUG_INFORMATION_FORMAT = "dwarf-with-dsym";
				ENABLE_NS_ASSERTIONS = NO;
				ENABLE_STRICT_OBJC_MSGSEND = YES;
				GCC_C_LANGUAGE_STANDARD = gnu11;
				GCC_NO_COMMON_BLOCKS = YES;
				GCC_WARN_64_TO_32_BIT_CONVERSION = YES;
				GCC_WARN_ABOUT_RETURN_TYPE = YES_ERROR;
				GCC_WARN_UNDECLARED_SELECTOR = YES;
				GCC_WARN_UNINITIALIZED_AUTOS = YES_AGGRESSIVE;
				GCC_WARN_UNUSED_FUNCTION = YES;
				GCC_WARN_UNUSED_VARIABLE = YES;
				MACOSX_DEPLOYMENT_TARGET = 13.3;
				MTL_ENABLE_DEBUG_INFO = NO;
				MTL_FAST_MATH = YES;
				SDKROOT = macosx;
				SWIFT_COMPILATION_MODE = wholemodule;
				SWIFT_OPTIMIZATION_LEVEL = "-O";
			};
			name = Release;
		};
		C94784E62A86EA3F003B773A /* Debug */ = {
			isa = XCBuildConfiguration;
			buildSettings = {
				ASSETCATALOG_COMPILER_APPICON_NAME = AppIcon;
				ASSETCATALOG_COMPILER_GLOBAL_ACCENT_COLOR_NAME = AccentColor;
				ASSETCATALOG_COMPILER_INCLUDE_ALL_APPICON_ASSETS = NO;
				CODE_SIGN_ENTITLEMENTS = OddOneOut/OddOneOut.entitlements;
				CODE_SIGN_STYLE = Automatic;
				COMBINE_HIDPI_IMAGES = YES;
				CURRENT_PROJECT_VERSION = 1;
				DEVELOPMENT_ASSET_PATHS = "\"OddOneOut/Preview Content\"";
				ENABLE_PREVIEWS = YES;
				GENERATE_INFOPLIST_FILE = YES;
				INFOPLIST_KEY_NSHumanReadableCopyright = "";
				LD_RUNPATH_SEARCH_PATHS = (
					"$(inherited)",
					"@executable_path/../Frameworks",
				);
				MARKETING_VERSION = 1.0;
				PRODUCT_BUNDLE_IDENTIFIER = jg.OddOneOut;
				PRODUCT_NAME = "$(TARGET_NAME)";
				SWIFT_EMIT_LOC_STRINGS = YES;
				SWIFT_VERSION = 5.0;
			};
			name = Debug;
		};
		C94784E72A86EA3F003B773A /* Release */ = {
			isa = XCBuildConfiguration;
			buildSettings = {
				ASSETCATALOG_COMPILER_APPICON_NAME = AppIcon;
				ASSETCATALOG_COMPILER_GLOBAL_ACCENT_COLOR_NAME = AccentColor;
				ASSETCATALOG_COMPILER_INCLUDE_ALL_APPICON_ASSETS = NO;
				CODE_SIGN_ENTITLEMENTS = OddOneOut/OddOneOut.entitlements;
				CODE_SIGN_STYLE = Automatic;
				COMBINE_HIDPI_IMAGES = YES;
				CURRENT_PROJECT_VERSION = 1;
				DEVELOPMENT_ASSET_PATHS = "\"OddOneOut/Preview Content\"";
				ENABLE_PREVIEWS = YES;
				GENERATE_INFOPLIST_FILE = YES;
				INFOPLIST_KEY_NSHumanReadableCopyright = "";
				LD_RUNPATH_SEARCH_PATHS = (
					"$(inherited)",
					"@executable_path/../Frameworks",
				);
				MARKETING_VERSION = 1.0;
				PRODUCT_BUNDLE_IDENTIFIER = jg.OddOneOut;
				PRODUCT_NAME = "$(TARGET_NAME)";
				SWIFT_EMIT_LOC_STRINGS = YES;
				SWIFT_VERSION = 5.0;
			};
			name = Release;
		};
		C94784E92A86EA3F003B773A /* Debug */ = {
			isa = XCBuildConfiguration;
			buildSettings = {
				ALWAYS_EMBED_SWIFT_STANDARD_LIBRARIES = YES;
				BUNDLE_LOADER = "$(TEST_HOST)";
				CODE_SIGN_STYLE = Automatic;
				CURRENT_PROJECT_VERSION = 1;
				GENERATE_INFOPLIST_FILE = YES;
				MACOSX_DEPLOYMENT_TARGET = 13.3;
				MARKETING_VERSION = 1.0;
				PRODUCT_BUNDLE_IDENTIFIER = jg.OddOneOutTests;
				PRODUCT_NAME = "$(TARGET_NAME)";
				SWIFT_EMIT_LOC_STRINGS = NO;
				SWIFT_VERSION = 5.0;
				TEST_HOST = "$(BUILT_PRODUCTS_DIR)/OddOneOut.app/$(BUNDLE_EXECUTABLE_FOLDER_PATH)/OddOneOut";
			};
			name = Debug;
		};
		C94784EA2A86EA3F003B773A /* Release */ = {
			isa = XCBuildConfiguration;
			buildSettings = {
				ALWAYS_EMBED_SWIFT_STANDARD_LIBRARIES = YES;
				BUNDLE_LOADER = "$(TEST_HOST)";
				CODE_SIGN_STYLE = Automatic;
				CURRENT_PROJECT_VERSION = 1;
				GENERATE_INFOPLIST_FILE = YES;
				MACOSX_DEPLOYMENT_TARGET = 13.3;
				MARKETING_VERSION = 1.0;
				PRODUCT_BUNDLE_IDENTIFIER = jg.OddOneOutTests;
				PRODUCT_NAME = "$(TARGET_NAME)";
				SWIFT_EMIT_LOC_STRINGS = NO;
				SWIFT_VERSION = 5.0;
				TEST_HOST = "$(BUILT_PRODUCTS_DIR)/OddOneOut.app/$(BUNDLE_EXECUTABLE_FOLDER_PATH)/OddOneOut";
			};
			name = Release;
		};
		C94784EC2A86EA3F003B773A /* Debug */ = {
			isa = XCBuildConfiguration;
			buildSettings = {
				ALWAYS_EMBED_SWIFT_STANDARD_LIBRARIES = YES;
				CODE_SIGN_STYLE = Automatic;
				CURRENT_PROJECT_VERSION = 1;
				GENERATE_INFOPLIST_FILE = YES;
				MARKETING_VERSION = 1.0;
				PRODUCT_BUNDLE_IDENTIFIER = jg.OddOneOutUITests;
				PRODUCT_NAME = "$(TARGET_NAME)";
				SWIFT_EMIT_LOC_STRINGS = NO;
				SWIFT_VERSION = 5.0;
				TEST_TARGET_NAME = OddOneOut;
			};
			name = Debug;
		};
		C94784ED2A86EA3F003B773A /* Release */ = {
			isa = XCBuildConfiguration;
			buildSettings = {
				ALWAYS_EMBED_SWIFT_STANDARD_LIBRARIES = YES;
				CODE_SIGN_STYLE = Automatic;
				CURRENT_PROJECT_VERSION = 1;
				GENERATE_INFOPLIST_FILE = YES;
				MARKETING_VERSION = 1.0;
				PRODUCT_BUNDLE_IDENTIFIER = jg.OddOneOutUITests;
				PRODUCT_NAME = "$(TARGET_NAME)";
				SWIFT_EMIT_LOC_STRINGS = NO;
				SWIFT_VERSION = 5.0;
				TEST_TARGET_NAME = OddOneOut;
			};
			name = Release;
		};
/* End XCBuildConfiguration section */

/* Begin XCConfigurationList section */
		C94784BB2A86EA3E003B773A /* Build configuration list for PBXProject "OddOneOut" */ = {
			isa = XCConfigurationList;
			buildConfigurations = (
				C94784E32A86EA3F003B773A /* Debug */,
				C94784E42A86EA3F003B773A /* Release */,
			);
			defaultConfigurationIsVisible = 0;
			defaultConfigurationName = Release;
		};
		C94784E52A86EA3F003B773A /* Build configuration list for PBXNativeTarget "OddOneOut" */ = {
			isa = XCConfigurationList;
			buildConfigurations = (
				C94784E62A86EA3F003B773A /* Debug */,
				C94784E72A86EA3F003B773A /* Release */,
			);
			defaultConfigurationIsVisible = 0;
			defaultConfigurationName = Release;
		};
		C94784E82A86EA3F003B773A /* Build configuration list for PBXNativeTarget "OddOneOutTests" */ = {
			isa = XCConfigurationList;
			buildConfigurations = (
				C94784E92A86EA3F003B773A /* Debug */,
				C94784EA2A86EA3F003B773A /* Release */,
			);
			defaultConfigurationIsVisible = 0;
			defaultConfigurationName = Release;
		};
		C94784EB2A86EA3F003B773A /* Build configuration list for PBXNativeTarget "OddOneOutUITests" */ = {
			isa = XCConfigurationList;
			buildConfigurations = (
				C94784EC2A86EA3F003B773A /* Debug */,
				C94784ED2A86EA3F003B773A /* Release */,
			);
			defaultConfigurationIsVisible = 0;
			defaultConfigurationName = Release;
		};
/* End XCConfigurationList section */
	};
	rootObject = C94784B82A86EA3E003B773A /* Project object */;
}
